<?xml version="1.0" encoding="UTF-8" standalone="yes" ?>
<CodeBlocks_project_file>
	<FileVersion major="1" minor="6" />
	<Project>
		<Option title="Ray Tracer" />
		<Option pch_mode="2" />
		<Option compiler="gcc" />
		<Build>
			<Script file="lib_finder.script" />
			<Target title="Debug">
				<Option output="bin/Debug/Ray Tracer" prefix_auto="1" extension_auto="1" />
				<Option object_output="obj/Debug/" />
				<Option type="1" />
				<Option compiler="gcc" />
				<Compiler>
					<Add option="-g" />
				</Compiler>
				<Linker>
					<Add library="libs\libconfig_d.a" />
				</Linker>
			</Target>
			<Target title="Release">
				<Option output="bin/Release/Ray Tracer" prefix_auto="1" extension_auto="1" />
				<Option object_output="obj/Release/" />
				<Option type="1" />
				<Option compiler="gcc" />
				<Compiler>
					<Add option="-O2" />
				</Compiler>
				<Linker>
					<Add option="-s" />
				</Linker>
			</Target>
		</Build>
		<Compiler>
			<Add option="-Wall" />
		</Compiler>
		<Unit filename="figures/cone.c">
			<Option compilerVar="CC" />
		</Unit>
		<Unit filename="figures/cone.h" />
		<Unit filename="figures/coord_2d.h" />
		<Unit filename="figures/cylinder.c">
			<Option compilerVar="CC" />
		</Unit>
		<Unit filename="figures/cylinder.h" />
		<Unit filename="figures/disc.c">
			<Option compilerVar="CC" />
		</Unit>
		<Unit filename="figures/disc.h" />
		<Unit filename="figures/plane.c">
			<Option compilerVar="CC" />
		</Unit>
		<Unit filename="figures/plane.h" />
		<Unit filename="figures/polygon.c">
			<Option compilerVar="CC" />
		</Unit>
		<Unit filename="figures/polygon.h" />
		<Unit filename="figures/sphere.c">
			<Option compilerVar="CC" />
		</Unit>
		<Unit filename="figures/sphere.h" />
		<Unit filename="loading/scene_loader.c">
			<Option compilerVar="CC" />
		</Unit>
		<Unit filename="loading/scene_loader.h" />
		<Unit filename="ray_tracer.c">
			<Option compilerVar="CC" />
		</Unit>
		<Unit filename="scene.cfg" />
		<Unit filename="scene_config.h" />
		<Unit filename="tracing/cached_ray.h" />
		<Unit filename="tracing/color.h" />
		<Unit filename="tracing/intersection.c">
			<Option compilerVar="CC" />
		</Unit>
		<Unit filename="tracing/intersection.h" />
		<Unit filename="tracing/light.c">
			<Option compilerVar="CC" />
		</Unit>
		<Unit filename="tracing/light.h" />
		<Unit filename="tracing/light_f.h" />
		<Unit filename="tracing/object.h" />
		<Unit filename="tracing/vector.c">
			<Option compilerVar="CC" />
		</Unit>
		<Unit filename="tracing/vector.h" />
		<Unit filename="tracing/window.h" />
		<Unit filename="utilities/error_handler.c">
			<Option compilerVar="CC" />
		</Unit>
		<Unit filename="utilities/error_handler.h" />
		<Unit filename="utilities/file_handler.c">
			<Option compilerVar="CC" />
		</Unit>
		<Unit filename="utilities/file_handler.h" />
		<Unit filename="utilities/memory_handler.c">
			<Option compilerVar="CC" />
		</Unit>
		<Unit filename="utilities/memory_handler.h" />
		<Extensions>
			<code_completion />
			<envvars />
			<debugger />
		</Extensions>
	</Project>
</CodeBlocks_project_file>
